
Microsoft Visual Studio Solution File, Format Version 12.00
# Visual Studio Version 16
VisualStudioVersion = 16.0.31515.178
MinimumVisualStudioVersion = 10.0.40219.1
Project("{159641D6-6404-4A2A-AE62-294DE0FE8301}") = "ForEachLoop_ReadingMultiFile", "ForEachLoop_ReadingMultiFile\ForEachLoop_ReadingMultiFile.dtproj", "{EB940748-52F8-4189-B980-9D480F517601}"
EndProject
Global
	GlobalSection(SolutionConfigurationPlatforms) = preSolution
		Development|Default = Development|Default
	EndGlobalSection
	GlobalSection(ProjectConfigurationPlatforms) = postSolution
		{EB940748-52F8-4189-B980-9D480F517601}.Development|Default.ActiveCfg = Development
		{EB940748-52F8-4189-B980-9D480F517601}.Development|Default.Build.0 = Development
	EndGlobalSection
	GlobalSection(SolutionProperties) = preSolution
		HideSolutionNode = FALSE
	EndGlobalSection
	GlobalSection(ExtensibilityGlobals) = postSolution
		SolutionGuid = {58769C15-710F-4090-9D3D-F7B99D939015}
	EndGlobalSection
EndGlobal
